
Microsoft Visual Studio Solution File, Format Version 12.00
# Visual Studio Version 17
VisualStudioVersion = 17.2.32630.192
MinimumVisualStudioVersion = 10.0.40219.1
Project("{9A19103F-16F7-4668-BE54-9A1E7A4F7556}") = "CustomTranslator.API", "CustomTranslator.API\CustomTranslator.API.csproj", "{C5274A48-AB51-4791-8F92-0602C79116C3}"
EndProject
Project("{2150E333-8FDC-42A3-9474-1A3956D46DE8}") = "Providers", "Providers", "{964C89D4-04B9-49C2-8837-C1147A936C99}"
EndProject
Project("{FAE04EC0-301F-11D3-BF4B-00C04F79EFBC}") = "AzureCognitive", "AzureCognitive\AzureCognitive.csproj", "{1FBC57E6-E95D-4BB1-94AF-8C0432AD1E2D}"
EndProject
Project("{FAE04EC0-301F-11D3-BF4B-00C04F79EFBC}") = "CustomTranslator.Win", "CustomTranslator.Win\CustomTranslator.Win.csproj", "{C3EF664F-C86E-499F-9620-5727DD02FCFF}"
EndProject
Global
	GlobalSection(SolutionConfigurationPlatforms) = preSolution
		Debug|Any CPU = Debug|Any CPU
		Release|Any CPU = Release|Any CPU
	EndGlobalSection
	GlobalSection(ProjectConfigurationPlatforms) = postSolution
		{C5274A48-AB51-4791-8F92-0602C79116C3}.Debug|Any CPU.ActiveCfg = Debug|Any CPU
		{C5274A48-AB51-4791-8F92-0602C79116C3}.Debug|Any CPU.Build.0 = Debug|Any CPU
		{C5274A48-AB51-4791-8F92-0602C79116C3}.Release|Any CPU.ActiveCfg = Release|Any CPU
		{C5274A48-AB51-4791-8F92-0602C79116C3}.Release|Any CPU.Build.0 = Release|Any CPU
		{1FBC57E6-E95D-4BB1-94AF-8C0432AD1E2D}.Debug|Any CPU.ActiveCfg = Debug|Any CPU
		{1FBC57E6-E95D-4BB1-94AF-8C0432AD1E2D}.Debug|Any CPU.Build.0 = Debug|Any CPU
		{1FBC57E6-E95D-4BB1-94AF-8C0432AD1E2D}.Release|Any CPU.ActiveCfg = Release|Any CPU
		{1FBC57E6-E95D-4BB1-94AF-8C0432AD1E2D}.Release|Any CPU.Build.0 = Release|Any CPU
		{C3EF664F-C86E-499F-9620-5727DD02FCFF}.Debug|Any CPU.ActiveCfg = Debug|Any CPU
		{C3EF664F-C86E-499F-9620-5727DD02FCFF}.Debug|Any CPU.Build.0 = Debug|Any CPU
		{C3EF664F-C86E-499F-9620-5727DD02FCFF}.Release|Any CPU.ActiveCfg = Release|Any CPU
		{C3EF664F-C86E-499F-9620-5727DD02FCFF}.Release|Any CPU.Build.0 = Release|Any CPU
	EndGlobalSection
	GlobalSection(SolutionProperties) = preSolution
		HideSolutionNode = FALSE
	EndGlobalSection
	GlobalSection(NestedProjects) = preSolution
		{1FBC57E6-E95D-4BB1-94AF-8C0432AD1E2D} = {964C89D4-04B9-49C2-8837-C1147A936C99}
	EndGlobalSection
	GlobalSection(ExtensibilityGlobals) = postSolution
		SolutionGuid = {90B7E352-FC53-4A1D-943D-9D87D17747ED}
	EndGlobalSection
EndGlobal
